
Microsoft Visual Studio Solution File, Format Version 12.00
# Visual Studio 14
VisualStudioVersion = 14.0.25420.1
MinimumVisualStudioVersion = 10.0.40219.1
Project("{FAE04EC0-301F-11D3-BF4B-00C04F79EFBC}") = "List", "List\List.csproj", "{905CA252-C418-4305-AD2B-077F2E523E58}"
EndProject
Project("{FAE04EC0-301F-11D3-BF4B-00C04F79EFBC}") = "ListUnitTest", "ListUnitTest\ListUnitTest.csproj", "{558B34ED-74C8-477F-BEBA-BA33FC3F2BEC}"
EndProject
Global
	GlobalSection(SolutionConfigurationPlatforms) = preSolution
		Debug|Any CPU = Debug|Any CPU
		Release|Any CPU = Release|Any CPU
	EndGlobalSection
	GlobalSection(ProjectConfigurationPlatforms) = postSolution
		{905CA252-C418-4305-AD2B-077F2E523E58}.Debug|Any CPU.ActiveCfg = Debug|Any CPU
		{905CA252-C418-4305-AD2B-077F2E523E58}.Debug|Any CPU.Build.0 = Debug|Any CPU
		{905CA252-C418-4305-AD2B-077F2E523E58}.Release|Any CPU.ActiveCfg = Release|Any CPU
		{905CA252-C418-4305-AD2B-077F2E523E58}.Release|Any CPU.Build.0 = Release|Any CPU
		{558B34ED-74C8-477F-BEBA-BA33FC3F2BEC}.Debug|Any CPU.ActiveCfg = Debug|Any CPU
		{558B34ED-74C8-477F-BEBA-BA33FC3F2BEC}.Debug|Any CPU.Build.0 = Debug|Any CPU
		{558B34ED-74C8-477F-BEBA-BA33FC3F2BEC}.Release|Any CPU.ActiveCfg = Release|Any CPU
		{558B34ED-74C8-477F-BEBA-BA33FC3F2BEC}.Release|Any CPU.Build.0 = Release|Any CPU
	EndGlobalSection
	GlobalSection(SolutionProperties) = preSolution
		HideSolutionNode = FALSE
	EndGlobalSection
EndGlobal
